// !$*UTF8*$!
{
	archiveVersion = 1;
	classes = {
	};
	objectVersion = 55;
	objects = {

/* Begin PBXBuildFile section */
		E4216CBB2850B28600725655 /* AppDelegate.swift in Sources */ = {isa = PBXBuildFile; fileRef = E4216CBA2850B28600725655 /* AppDelegate.swift */; };
		E4216CBD2850B28600725655 /* SceneDelegate.swift in Sources */ = {isa = PBXBuildFile; fileRef = E4216CBC2850B28600725655 /* SceneDelegate.swift */; };
		E4216CBF2850B28600725655 /* ViewController.swift in Sources */ = {isa = PBXBuildFile; fileRef = E4216CBE2850B28600725655 /* ViewController.swift */; };
		E4216CC22850B28600725655 /* Main.storyboard in Resources */ = {isa = PBXBuildFile; fileRef = E4216CC02850B28600725655 /* Main.storyboard */; };
		E4216CC42850B28700725655 /* Assets.xcassets in Resources */ = {isa = PBXBuildFile; fileRef = E4216CC32850B28700725655 /* Assets.xcassets */; };
		E4216CC72850B28700725655 /* LaunchScreen.storyboard in Resources */ = {isa = PBXBuildFile; fileRef = E4216CC52850B28700725655 /* LaunchScreen.storyboard */; };
		E4216CD22850B28700725655 /* IBTestTests.swift in Sources */ = {isa = PBXBuildFile; fileRef = E4216CD12850B28700725655 /* IBTestTests.swift */; };
		E4216CDC2850B28700725655 /* IBTestUITests.swift in Sources */ = {isa = PBXBuildFile; fileRef = E4216CDB2850B28700725655 /* IBTestUITests.swift */; };
		E4216CDE2850B28700725655 /* IBTestUITestsLaunchTests.swift in Sources */ = {isa = PBXBuildFile; fileRef = E4216CDD2850B28700725655 /* IBTestUITestsLaunchTests.swift */; };
/* End PBXBuildFile section */

/* Begin PBXContainerItemProxy section */
		E4216CCE2850B28700725655 /* PBXContainerItemProxy */ = {
			isa = PBXContainerItemProxy;
			containerPortal = E4216CAF2850B28600725655 /* Project object */;
			proxyType = 1;
			remoteGlobalIDString = E4216CB62850B28600725655;
			remoteInfo = IBTest;
		};
		E4216CD82850B28700725655 /* PBXContainerItemProxy */ = {
			isa = PBXContainerItemProxy;
			containerPortal = E4216CAF2850B28600725655 /* Project object */;
			proxyType = 1;
			remoteGlobalIDString = E4216CB62850B28600725655;
			remoteInfo = IBTest;
		};
/* End PBXContainerItemProxy section */

/* Begin PBXFileReference section */
		E4216CB72850B28600725655 /* IBTest.app */ = {isa = PBXFileReference; explicitFileType = wrapper.application; includeInIndex = 0; path = IBTest.app; sourceTree = BUILT_PRODUCTS_DIR; };
		E4216CBA2850B28600725655 /* AppDelegate.swift */ = {isa = PBXFileReference; lastKnownFileType = sourcecode.swift; path = AppDelegate.swift; sourceTree = "<group>"; };
		E4216CBC2850B28600725655 /* SceneDelegate.swift */ = {isa = PBXFileReference; lastKnownFileType = sourcecode.swift; path = SceneDelegate.swift; sourceTree = "<group>"; };
		E4216CBE2850B28600725655 /* ViewController.swift */ = {isa = PBXFileReference; lastKnownFileType = sourcecode.swift; path = ViewController.swift; sourceTree = "<group>"; };
		E4216CC12850B28600725655 /* Base */ = {isa = PBXFileReference; lastKnownFileType = file.storyboard; name = Base; path = Base.lproj/Main.storyboard; sourceTree = "<group>"; };
		E4216CC32850B28700725655 /* Assets.xcassets */ = {isa = PBXFileReference; lastKnownFileType = folder.assetcatalog; path = Assets.xcassets; sourceTree = "<group>"; };
		E4216CC62850B28700725655 /* Base */ = {isa = PBXFileReference; lastKnownFileType = file.storyboard; name = Base; path = Base.lproj/LaunchScreen.storyboard; sourceTree = "<group>"; };
		E4216CC82850B28700725655 /* Info.plist */ = {isa = PBXFileReference; lastKnownFileType = text.plist.xml; path = Info.plist; sourceTree = "<group>"; };
		E4216CCD2850B28700725655 /* IBTestTests.xctest */ = {isa = PBXFileReference; explicitFileType = wrapper.cfbundle; includeInIndex = 0; path = IBTestTests.xctest; sourceTree = BUILT_PRODUCTS_DIR; };
		E4216CD12850B28700725655 /* IBTestTests.swift */ = {isa = PBXFileReference; lastKnownFileType = sourcecode.swift; path = IBTestTests.swift; sourceTree = "<group>"; };
		E4216CD72850B28700725655 /* IBTestUITests.xctest */ = {isa = PBXFileReference; explicitFileType = wrapper.cfbundle; includeInIndex = 0; path = IBTestUITests.xctest; sourceTree = BUILT_PRODUCTS_DIR; };
		E4216CDB2850B28700725655 /* IBTestUITests.swift */ = {isa = PBXFileReference; lastKnownFileType = sourcecode.swift; path = IBTestUITests.swift; sourceTree = "<group>"; };
		E4216CDD2850B28700725655 /* IBTestUITestsLaunchTests.swift */ = {isa = PBXFileReference; lastKnownFileType = sourcecode.swift; path = IBTestUITestsLaunchTests.swift; sourceTree = "<group>"; };
/* End PBXFileReference section */

/* Begin PBXFrameworksBuildPhase section */
		E4216CB42850B28600725655 /* Frameworks */ = {
			isa = PBXFrameworksBuildPhase;
			buildActionMask = 2147483647;
			files = (
			);
			runOnlyForDeploymentPostprocessing = 0;
		};
		E4216CCA2850B28700725655 /* Frameworks */ = {
			isa = PBXFrameworksBuildPhase;
			buildActionMask = 2147483647;
			files = (
			);
			runOnlyForDeploymentPostprocessing = 0;
		};
		E4216CD42850B28700725655 /* Frameworks */ = {
			isa = PBXFrameworksBuildPhase;
			buildActionMask = 2147483647;
			files = (
			);
			runOnlyForDeploymentPostprocessing = 0;
		};
/* End PBXFrameworksBuildPhase section */

/* Begin PBXGroup section */
		E4216CAE2850B28600725655 = {
			isa = PBXGroup;
			children = (
				E4216CB92850B28600725655 /* IBTest */,
				E4216CD02850B28700725655 /* IBTestTests */,
				E4216CDA2850B28700725655 /* IBTestUITests */,
				E4216CB82850B28600725655 /* Products */,
			);
			sourceTree = "<group>";
		};
		E4216CB82850B28600725655 /* Products */ = {
			isa = PBXGroup;
			children = (
				E4216CB72850B28600725655 /* IBTest.app */,
				E4216CCD2850B28700725655 /* IBTestTests.xctest */,
				E4216CD72850B28700725655 /* IBTestUITests.xctest */,
			);
			name = Products;
			sourceTree = "<group>";
		};
		E4216CB92850B28600725655 /* IBTest */ = {
			isa = PBXGroup;
			children = (
				E4216CBA2850B28600725655 /* AppDelegate.swift */,
				E4216CBC2850B28600725655 /* SceneDelegate.swift */,
				E4216CBE2850B28600725655 /* ViewController.swift */,
				E4216CC02850B28600725655 /* Main.storyboard */,
				E4216CC32850B28700725655 /* Assets.xcassets */,
				E4216CC52850B28700725655 /* LaunchScreen.storyboard */,
				E4216CC82850B28700725655 /* Info.plist */,
			);
			path = IBTest;
			sourceTree = "<group>";
		};
		E4216CD02850B28700725655 /* IBTestTests */ = {
			isa = PBXGroup;
			children = (
				E4216CD12850B28700725655 /* IBTestTests.swift */,
			);
			path = IBTestTests;
			sourceTree = "<group>";
		};
		E4216CDA2850B28700725655 /* IBTestUITests */ = {
			isa = PBXGroup;
			children = (
				E4216CDB2850B28700725655 /* IBTestUITests.swift */,
				E4216CDD2850B28700725655 /* IBTestUITestsLaunchTests.swift */,
			);
			path = IBTestUITests;
			sourceTree = "<group>";
		};
/* End PBXGroup section */

/* Begin PBXNativeTarget section */
		E4216CB62850B28600725655 /* IBTest */ = {
			isa = PBXNativeTarget;
			buildConfigurationList = E4216CE12850B28700725655 /* Build configuration list for PBXNativeTarget "IBTest" */;
			buildPhases = (
				E4216CB32850B28600725655 /* Sources */,
				E4216CB42850B28600725655 /* Frameworks */,
				E4216CB52850B28600725655 /* Resources */,
			);
			buildRules = (
			);
			dependencies = (
			);
			name = IBTest;
			productName = IBTest;
			productReference = E4216CB72850B28600725655 /* IBTest.app */;
			productType = "com.apple.product-type.application";
		};
		E4216CCC2850B28700725655 /* IBTestTests */ = {
			isa = PBXNativeTarget;
			buildConfigurationList = E4216CE42850B28700725655 /* Build configuration list for PBXNativeTarget "IBTestTests" */;
			buildPhases = (
				E4216CC92850B28700725655 /* Sources */,
				E4216CCA2850B28700725655 /* Frameworks */,
				E4216CCB2850B28700725655 /* Resources */,
			);
			buildRules = (
			);
			dependencies = (
				E4216CCF2850B28700725655 /* PBXTargetDependency */,
			);
			name = IBTestTests;
			productName = IBTestTests;
			productReference = E4216CCD2850B28700725655 /* IBTestTests.xctest */;
			productType = "com.apple.product-type.bundle.unit-test";
		};
		E4216CD62850B28700725655 /* IBTestUITests */ = {
			isa = PBXNativeTarget;
			buildConfigurationList = E4216CE72850B28700725655 /* Build configuration list for PBXNativeTarget "IBTestUITests" */;
			buildPhases = (
				E4216CD32850B28700725655 /* Sources */,
				E4216CD42850B28700725655 /* Frameworks */,
				E4216CD52850B28700725655 /* Resources */,
			);
			buildRules = (
			);
			dependencies = (
				E4216CD92850B28700725655 /* PBXTargetDependency */,
			);
			name = IBTestUITests;
			productName = IBTestUITests;
			productReference = E4216CD72850B28700725655 /* IBTestUITests.xctest */;
			productType = "com.apple.product-type.bundle.ui-testing";
		};
/* End PBXNativeTarget section */

/* Begin PBXProject section */
		E4216CAF2850B28600725655 /* Project object */ = {
			isa = PBXProject;
			attributes = {
				BuildIndependentTargetsInParallel = 1;
				LastSwiftUpdateCheck = 1340;
				LastUpgradeCheck = 1340;
				TargetAttributes = {
					E4216CB62850B28600725655 = {
						CreatedOnToolsVersion = 13.4.1;
					};
					E4216CCC2850B28700725655 = {
						CreatedOnToolsVersion = 13.4.1;
						TestTargetID = E4216CB62850B28600725655;
					};
					E4216CD62850B28700725655 = {
						CreatedOnToolsVersion = 13.4.1;
						TestTargetID = E4216CB62850B28600725655;
					};
				};
			};
			buildConfigurationList = E4216CB22850B28600725655 /* Build configuration list for PBXProject "IBTest" */;
			compatibilityVersion = "Xcode 13.0";
			developmentRegion = en;
			hasScannedForEncodings = 0;
			knownRegions = (
				en,
				Base,
			);
			mainGroup = E4216CAE2850B28600725655;
			productRefGroup = E4216CB82850B28600725655 /* Products */;
			projectDirPath = "";
			projectRoot = "";
			targets = (
				E4216CB62850B28600725655 /* IBTest */,
				E4216CCC2850B28700725655 /* IBTestTests */,
				E4216CD62850B28700725655 /* IBTestUITests */,
			);
		};
/* End PBXProject section */

/* Begin PBXResourcesBuildPhase section */
		E4216CB52850B28600725655 /* Resources */ = {
			isa = PBXResourcesBuildPhase;
			buildActionMask = 2147483647;
			files = (
				E4216CC72850B28700725655 /* LaunchScreen.storyboard in Resources */,
				E4216CC42850B28700725655 /* Assets.xcassets in Resources */,
				E4216CC22850B28600725655 /* Main.storyboard in Resources */,
			);
			runOnlyForDeploymentPostprocessing = 0;
		};
		E4216CCB2850B28700725655 /* Resources */ = {
			isa = PBXResourcesBuildPhase;
			buildActionMask = 2147483647;
			files = (
			);
			runOnlyForDeploymentPostprocessing = 0;
		};
		E4216CD52850B28700725655 /* Resources */ = {
			isa = PBXResourcesBuildPhase;
			buildActionMask = 2147483647;
			files = (
			);
			runOnlyForDeploymentPostprocessing = 0;
		};
/* End PBXResourcesBuildPhase section */

/* Begin PBXSourcesBuildPhase section */
		E4216CB32850B28600725655 /* Sources */ = {
			isa = PBXSourcesBuildPhase;
			buildActionMask = 2147483647;
			files = (
				E4216CBF2850B28600725655 /* ViewController.swift in Sources */,
				E4216CBB2850B28600725655 /* AppDelegate.swift in Sources */,
				E4216CBD2850B28600725655 /* SceneDelegate.swift in Sources */,
			);
			runOnlyForDeploymentPostprocessing = 0;
		};
		E4216CC92850B28700725655 /* Sources */ = {
			isa = PBXSourcesBuildPhase;
			buildActionMask = 2147483647;
			files = (
				E4216CD22850B28700725655 /* IBTestTests.swift in Sources */,
			);
			runOnlyForDeploymentPostprocessing = 0;
		};
		E4216CD32850B28700725655 /* Sources */ = {
			isa = PBXSourcesBuildPhase;
			buildActionMask = 2147483647;
			files = (
				E4216CDC2850B28700725655 /* IBTestUITests.swift in Sources */,
				E4216CDE2850B28700725655 /* IBTestUITestsLaunchTests.swift in Sources */,
			);
			runOnlyForDeploymentPostprocessing = 0;
		};
/* End PBXSourcesBuildPhase section */

/* Begin PBXTargetDependency section */
		E4216CCF2850B28700725655 /* PBXTargetDependency */ = {
			isa = PBXTargetDependency;
			target = E4216CB62850B28600725655 /* IBTest */;
			targetProxy = E4216CCE2850B28700725655 /* PBXContainerItemProxy */;
		};
		E4216CD92850B28700725655 /* PBXTargetDependency */ = {
			isa = PBXTargetDependency;
			target = E4216CB62850B28600725655 /* IBTest */;
			targetProxy = E4216CD82850B28700725655 /* PBXContainerItemProxy */;
		};
/* End PBXTargetDependency section */

/* Begin PBXVariantGroup section */
		E4216CC02850B28600725655 /* Main.storyboard */ = {
			isa = PBXVariantGroup;
			children = (
				E4216CC12850B28600725655 /* Base */,
			);
			name = Main.storyboard;
			sourceTree = "<group>";
		};
		E4216CC52850B28700725655 /* LaunchScreen.storyboard */ = {
			isa = PBXVariantGroup;
			children = (
				E4216CC62850B28700725655 /* Base */,
			);
			name = LaunchScreen.storyboard;
			sourceTree = "<group>";
		};
/* End PBXVariantGroup section */

/* Begin XCBuildConfiguration section */
		E4216CDF2850B28700725655 /* Debug */ = {
			isa = XCBuildConfiguration;
			buildSettings = {
				ALWAYS_SEARCH_USER_PATHS = NO;
				CLANG_ANALYZER_NONNULL = YES;
				CLANG_ANALYZER_NUMBER_OBJECT_CONVERSION = YES_AGGRESSIVE;
				CLANG_CXX_LANGUAGE_STANDARD = "gnu++17";
				CLANG_ENABLE_MODULES = YES;
				CLANG_ENABLE_OBJC_ARC = YES;
				CLANG_ENABLE_OBJC_WEAK = YES;
				CLANG_WARN_BLOCK_CAPTURE_AUTORELEASING = YES;
				CLANG_WARN_BOOL_CONVERSION = YES;
				CLANG_WARN_COMMA = YES;
				CLANG_WARN_CONSTANT_CONVERSION = YES;
				CLANG_WARN_DEPRECATED_OBJC_IMPLEMENTATIONS = YES;
				CLANG_WARN_DIRECT_OBJC_ISA_USAGE = YES_ERROR;
				CLANG_WARN_DOCUMENTATION_COMMENTS = YES;
				CLANG_WARN_EMPTY_BODY = YES;
				CLANG_WARN_ENUM_CONVERSION = YES;
				CLANG_WARN_INFINITE_RECURSION = YES;
				CLANG_WARN_INT_CONVERSION = YES;
				CLANG_WARN_NON_LITERAL_NULL_CONVERSION = YES;
				CLANG_WARN_OBJC_IMPLICIT_RETAIN_SELF = YES;
				CLANG_WARN_OBJC_LITERAL_CONVERSION = YES;
				CLANG_WARN_OBJC_ROOT_CLASS = YES_ERROR;
				CLANG_WARN_QUOTED_INCLUDE_IN_FRAMEWORK_HEADER = YES;
				CLANG_WARN_RANGE_LOOP_ANALYSIS = YES;
				CLANG_WARN_STRICT_PROTOTYPES = YES;
				CLANG_WARN_SUSPICIOUS_MOVE = YES;
				CLANG_WARN_UNGUARDED_AVAILABILITY = YES_AGGRESSIVE;
				CLANG_WARN_UNREACHABLE_CODE = YES;
				CLANG_WARN__DUPLICATE_METHOD_MATCH = YES;
				COPY_PHASE_STRIP = NO;
				DEBUG_INFORMATION_FORMAT = dwarf;
				ENABLE_STRICT_OBJC_MSGSEND = YES;
				ENABLE_TESTABILITY = YES;
				GCC_C_LANGUAGE_STANDARD = gnu11;
				GCC_DYNAMIC_NO_PIC = NO;
				GCC_NO_COMMON_BLOCKS = YES;
				GCC_OPTIMIZATION_LEVEL = 0;
				GCC_PREPROCESSOR_DEFINITIONS = (
					"DEBUG=1",
					"$(inherited)",
				);
				GCC_WARN_64_TO_32_BIT_CONVERSION = YES;
				GCC_WARN_ABOUT_RETURN_TYPE = YES_ERROR;
				GCC_WARN_UNDECLARED_SELECTOR = YES;
				GCC_WARN_UNINITIALIZED_AUTOS = YES_AGGRESSIVE;
				GCC_WARN_UNUSED_FUNCTION = YES;
				GCC_WARN_UNUSED_VARIABLE = YES;
				IPHONEOS_DEPLOYMENT_TARGET = 15.5;
				MTL_ENABLE_DEBUG_INFO = INCLUDE_SOURCE;
				MTL_FAST_MATH = YES;
				ONLY_ACTIVE_ARCH = YES;
				SDKROOT = iphoneos;
				SWIFT_ACTIVE_COMPILATION_CONDITIONS = DEBUG;
				SWIFT_OPTIMIZATION_LEVEL = "-Onone";
			};
			name = Debug;
		};
		E4216CE02850B28700725655 /* Release */ = {
			isa = XCBuildConfiguration;
			buildSettings = {
				ALWAYS_SEARCH_USER_PATHS = NO;
				CLANG_ANALYZER_NONNULL = YES;
				CLANG_ANALYZER_NUMBER_OBJECT_CONVERSION = YES_AGGRESSIVE;
				CLANG_CXX_LANGUAGE_STANDARD = "gnu++17";
				CLANG_ENABLE_MODULES = YES;
				CLANG_ENABLE_OBJC_ARC = YES;
				CLANG_ENABLE_OBJC_WEAK = YES;
				CLANG_WARN_BLOCK_CAPTURE_AUTORELEASING = YES;
				CLANG_WARN_BOOL_CONVERSION = YES;
				CLANG_WARN_COMMA = YES;
				CLANG_WARN_CONSTANT_CONVERSION = YES;
				CLANG_WARN_DEPRECATED_OBJC_IMPLEMENTATIONS = YES;
				CLANG_WARN_DIRECT_OBJC_ISA_USAGE = YES_ERROR;
				CLANG_WARN_DOCUMENTATION_COMMENTS = YES;
				CLANG_WARN_EMPTY_BODY = YES;
				CLANG_WARN_ENUM_CONVERSION = YES;
				CLANG_WARN_INFINITE_RECURSION = YES;
				CLANG_WARN_INT_CONVERSION = YES;
				CLANG_WARN_NON_LITERAL_NULL_CONVERSION = YES;
				CLANG_WARN_OBJC_IMPLICIT_RETAIN_SELF = YES;
				CLANG_WARN_OBJC_LITERAL_CONVERSION = YES;
				CLANG_WARN_OBJC_ROOT_CLASS = YES_ERROR;
				CLANG_WARN_QUOTED_INCLUDE_IN_FRAMEWORK_HEADER = YES;
				CLANG_WARN_RANGE_LOOP_ANALYSIS = YES;
				CLANG_WARN_STRICT_PROTOTYPES = YES;
				CLANG_WARN_SUSPICIOUS_MOVE = YES;
				CLANG_WARN_UNGUARDED_AVAILABILITY = YES_AGGRESSIVE;
				CLANG_WARN_UNREACHABLE_CODE = YES;
				CLANG_WARN__DUPLICATE_METHOD_MATCH = YES;
				COPY_PHASE_STRIP = NO;
				DEBUG_INFORMATION_FORMAT = "dwarf-with-dsym";
				ENABLE_NS_ASSERTIONS = NO;
				ENABLE_STRICT_OBJC_MSGSEND = YES;
				GCC_C_LANGUAGE_STANDARD = gnu11;
				GCC_NO_COMMON_BLOCKS = YES;
				GCC_WARN_64_TO_32_BIT_CONVERSION = YES;
				GCC_WARN_ABOUT_RETURN_TYPE = YES_ERROR;
				GCC_WARN_UNDECLARED_SELECTOR = YES;
				GCC_WARN_UNINITIALIZED_AUTOS = YES_AGGRESSIVE;
				GCC_WARN_UNUSED_FUNCTION = YES;
				GCC_WARN_UNUSED_VARIABLE = YES;
				IPHONEOS_DEPLOYMENT_TARGET = 15.5;
				MTL_ENABLE_DEBUG_INFO = NO;
				MTL_FAST_MATH = YES;
				SDKROOT = iphoneos;
				SWIFT_COMPILATION_MODE = wholemodule;
				SWIFT_OPTIMIZATION_LEVEL = "-O";
				VALIDATE_PRODUCT = YES;
			};
			name = Release;
		};
		E4216CE22850B28700725655 /* Debug */ = {
			isa = XCBuildConfiguration;
			buildSettings = {
				ASSETCATALOG_COMPILER_APPICON_NAME = AppIcon;
				ASSETCATALOG_COMPILER_GLOBAL_ACCENT_COLOR_NAME = AccentColor;
				CODE_SIGN_STYLE = Automatic;
				CURRENT_PROJECT_VERSION = 1;
				DEVELOPMENT_TEAM = V9P3QARK7G;
				GENERATE_INFOPLIST_FILE = YES;
				INFOPLIST_FILE = IBTest/Info.plist;
				INFOPLIST_KEY_UIApplicationSupportsIndirectInputEvents = YES;
				INFOPLIST_KEY_UILaunchStoryboardName = LaunchScreen;
				INFOPLIST_KEY_UIMainStoryboardFile = Main;
				INFOPLIST_KEY_UISupportedInterfaceOrientations_iPad = "UIInterfaceOrientationPortrait UIInterfaceOrientationPortraitUpsideDown UIInterfaceOrientationLandscapeLeft UIInterfaceOrientationLandscapeRight";
				INFOPLIST_KEY_UISupportedInterfaceOrientations_iPhone = "UIInterfaceOrientationPortrait UIInterfaceOrientationLandscapeLeft UIInterfaceOrientationLandscapeRight";
				LD_RUNPATH_SEARCH_PATHS = (
					"$(inherited)",
					"@executable_path/Frameworks",
				);
				MARKETING_VERSION = 1.0;
				PRODUCT_BUNDLE_IDENTIFIER = com.mango.IBTest;
				PRODUCT_NAME = "$(TARGET_NAME)";
				SWIFT_EMIT_LOC_STRINGS = YES;
				SWIFT_VERSION = 5.0;
				TARGETED_DEVICE_FAMILY = "1,2";
			};
			name = Debug;
		};
		E4216CE32850B28700725655 /* Release */ = {
			isa = XCBuildConfiguration;
			buildSettings = {
				ASSETCATALOG_COMPILER_APPICON_NAME = AppIcon;
				ASSETCATALOG_COMPILER_GLOBAL_ACCENT_COLOR_NAME = AccentColor;
				CODE_SIGN_STYLE = Automatic;
				CURRENT_PROJECT_VERSION = 1;
				DEVELOPMENT_TEAM = V9P3QARK7G;
				GENERATE_INFOPLIST_FILE = YES;
				INFOPLIST_FILE = IBTest/Info.plist;
				INFOPLIST_KEY_UIApplicationSupportsIndirectInputEvents = YES;
				INFOPLIST_KEY_UILaunchStoryboardName = LaunchScreen;
				INFOPLIST_KEY_UIMainStoryboardFile = Main;
				INFOPLIST_KEY_UISupportedInterfaceOrientations_iPad = "UIInterfaceOrientationPortrait UIInterfaceOrientationPortraitUpsideDown UIInterfaceOrientationLandscapeLeft UIInterfaceOrientationLandscapeRight";
				INFOPLIST_KEY_UISupportedInterfaceOrientations_iPhone = "UIInterfaceOrientationPortrait UIInterfaceOrientationLandscapeLeft UIInterfaceOrientationLandscapeRight";
				LD_RUNPATH_SEARCH_PATHS = (
					"$(inherited)",
					"@executable_path/Frameworks",
				);
				MARKETING_VERSION = 1.0;
				PRODUCT_BUNDLE_IDENTIFIER = com.mango.IBTest;
				PRODUCT_NAME = "$(TARGET_NAME)";
				SWIFT_EMIT_LOC_STRINGS = YES;
				SWIFT_VERSION = 5.0;
				TARGETED_DEVICE_FAMILY = "1,2";
			};
			name = Release;
		};
		E4216CE52850B28700725655 /* Debug */ = {
			isa = XCBuildConfiguration;
			buildSettings = {
				ALWAYS_EMBED_SWIFT_STANDARD_LIBRARIES = YES;
				BUNDLE_LOADER = "$(TEST_HOST)";
				CODE_SIGN_STYLE = Automatic;
				CURRENT_PROJECT_VERSION = 1;
				DEVELOPMENT_TEAM = V9P3QARK7G;
				GENERATE_INFOPLIST_FILE = YES;
				IPHONEOS_DEPLOYMENT_TARGET = 15.5;
				MARKETING_VERSION = 1.0;
				PRODUCT_BUNDLE_IDENTIFIER = com.mango.IBTestTests;
				PRODUCT_NAME = "$(TARGET_NAME)";
				SWIFT_EMIT_LOC_STRINGS = NO;
				SWIFT_VERSION = 5.0;
				TARGETED_DEVICE_FAMILY = "1,2";
				TEST_HOST = "$(BUILT_PRODUCTS_DIR)/IBTest.app/IBTest";
			};
			name = Debug;
		};
		E4216CE62850B28700725655 /* Release */ = {
			isa = XCBuildConfiguration;
			buildSettings = {
				ALWAYS_EMBED_SWIFT_STANDARD_LIBRARIES = YES;
				BUNDLE_LOADER = "$(TEST_HOST)";
				CODE_SIGN_STYLE = Automatic;
				CURRENT_PROJECT_VERSION = 1;
				DEVELOPMENT_TEAM = V9P3QARK7G;
				GENERATE_INFOPLIST_FILE = YES;
				IPHONEOS_DEPLOYMENT_TARGET = 15.5;
				MARKETING_VERSION = 1.0;
				PRODUCT_BUNDLE_IDENTIFIER = com.mango.IBTestTests;
				PRODUCT_NAME = "$(TARGET_NAME)";
				SWIFT_EMIT_LOC_STRINGS = NO;
				SWIFT_VERSION = 5.0;
				TARGETED_DEVICE_FAMILY = "1,2";
				TEST_HOST = "$(BUILT_PRODUCTS_DIR)/IBTest.app/IBTest";
			};
			name = Release;
		};
		E4216CE82850B28700725655 /* Debug */ = {
			isa = XCBuildConfiguration;
			buildSettings = {
				ALWAYS_EMBED_SWIFT_STANDARD_LIBRARIES = YES;
				CODE_SIGN_STYLE = Automatic;
				CURRENT_PROJECT_VERSION = 1;
				DEVELOPMENT_TEAM = V9P3QARK7G;
				GENERATE_INFOPLIST_FILE = YES;
				MARKETING_VERSION = 1.0;
				PRODUCT_BUNDLE_IDENTIFIER = com.mango.IBTestUITests;
				PRODUCT_NAME = "$(TARGET_NAME)";
				SWIFT_EMIT_LOC_STRINGS = NO;
				SWIFT_VERSION = 5.0;
				TARGETED_DEVICE_FAMILY = "1,2";
				TEST_TARGET_NAME = IBTest;
			};
			name = Debug;
		};
		E4216CE92850B28700725655 /* Release */ = {
			isa = XCBuildConfiguration;
			buildSettings = {
				ALWAYS_EMBED_SWIFT_STANDARD_LIBRARIES = YES;
				CODE_SIGN_STYLE = Automatic;
				CURRENT_PROJECT_VERSION = 1;
				DEVELOPMENT_TEAM = V9P3QARK7G;
				GENERATE_INFOPLIST_FILE = YES;
				MARKETING_VERSION = 1.0;
				PRODUCT_BUNDLE_IDENTIFIER = com.mango.IBTestUITests;
				PRODUCT_NAME = "$(TARGET_NAME)";
				SWIFT_EMIT_LOC_STRINGS = NO;
				SWIFT_VERSION = 5.0;
				TARGETED_DEVICE_FAMILY = "1,2";
				TEST_TARGET_NAME = IBTest;
			};
			name = Release;
		};
/* End XCBuildConfiguration section */

/* Begin XCConfigurationList section */
		E4216CB22850B28600725655 /* Build configuration list for PBXProject "IBTest" */ = {
			isa = XCConfigurationList;
			buildConfigurations = (
				E4216CDF2850B28700725655 /* Debug */,
				E4216CE02850B28700725655 /* Release */,
			);
			defaultConfigurationIsVisible = 0;
			defaultConfigurationName = Release;
		};
		E4216CE12850B28700725655 /* Build configuration list for PBXNativeTarget "IBTest" */ = {
			isa = XCConfigurationList;
			buildConfigurations = (
				E4216CE22850B28700725655 /* Debug */,
				E4216CE32850B28700725655 /* Release */,
			);
			defaultConfigurationIsVisible = 0;
			defaultConfigurationName = Release;
		};
		E4216CE42850B28700725655 /* Build configuration list for PBXNativeTarget "IBTestTests" */ = {
			isa = XCConfigurationList;
			buildConfigurations = (
				E4216CE52850B28700725655 /* Debug */,
				E4216CE62850B28700725655 /* Release */,
			);
			defaultConfigurationIsVisible = 0;
			defaultConfigurationName = Release;
		};
		E4216CE72850B28700725655 /* Build configuration list for PBXNativeTarget "IBTestUITests" */ = {
			isa = XCConfigurationList;
			buildConfigurations = (
				E4216CE82850B28700725655 /* Debug */,
				E4216CE92850B28700725655 /* Release */,
			);
			defaultConfigurationIsVisible = 0;
			defaultConfigurationName = Release;
		};
/* End XCConfigurationList section */
	};
	rootObject = E4216CAF2850B28600725655 /* Project object */;
}
